
Microsoft Visual Studio Solution File, Format Version 12.00
# Visual Studio Version 16
VisualStudioVersion = 16.0.30413.136
MinimumVisualStudioVersion = 10.0.40219.1
Project("{FAE04EC0-301F-11D3-BF4B-00C04F79EFBC}") = "11lab", "11lab\11lab.csproj", "{EB9407AA-F9CB-4086-814E-718B7E6ECE09}"
EndProject
Global
	GlobalSection(SolutionConfigurationPlatforms) = preSolution
		Debug|Any CPU = Debug|Any CPU
		Release|Any CPU = Release|Any CPU
	EndGlobalSection
	GlobalSection(ProjectConfigurationPlatforms) = postSolution
		{EB9407AA-F9CB-4086-814E-718B7E6ECE09}.Debug|Any CPU.ActiveCfg = Debug|Any CPU
		{EB9407AA-F9CB-4086-814E-718B7E6ECE09}.Debug|Any CPU.Build.0 = Debug|Any CPU
		{EB9407AA-F9CB-4086-814E-718B7E6ECE09}.Release|Any CPU.ActiveCfg = Release|Any CPU
		{EB9407AA-F9CB-4086-814E-718B7E6ECE09}.Release|Any CPU.Build.0 = Release|Any CPU
	EndGlobalSection
	GlobalSection(SolutionProperties) = preSolution
		HideSolutionNode = FALSE
	EndGlobalSection
	GlobalSection(ExtensibilityGlobals) = postSolution
		SolutionGuid = {9C5D4878-AB4D-47A2-B1F7-05CAD96B2520}
	EndGlobalSection
EndGlobal
