
Microsoft Visual Studio Solution File, Format Version 12.00
# Visual Studio Version 16
VisualStudioVersion = 16.0.30523.141
MinimumVisualStudioVersion = 10.0.40219.1
Project("{FAE04EC0-301F-11D3-BF4B-00C04F79EFBC}") = "1_2lab", "1_2lab\1_2lab.csproj", "{A54CE1B8-B4D3-4CDD-B073-89247599B1E4}"
EndProject
Global
	GlobalSection(SolutionConfigurationPlatforms) = preSolution
		Debug|Any CPU = Debug|Any CPU
		Release|Any CPU = Release|Any CPU
	EndGlobalSection
	GlobalSection(ProjectConfigurationPlatforms) = postSolution
		{A54CE1B8-B4D3-4CDD-B073-89247599B1E4}.Debug|Any CPU.ActiveCfg = Debug|Any CPU
		{A54CE1B8-B4D3-4CDD-B073-89247599B1E4}.Debug|Any CPU.Build.0 = Debug|Any CPU
		{A54CE1B8-B4D3-4CDD-B073-89247599B1E4}.Release|Any CPU.ActiveCfg = Release|Any CPU
		{A54CE1B8-B4D3-4CDD-B073-89247599B1E4}.Release|Any CPU.Build.0 = Release|Any CPU
	EndGlobalSection
	GlobalSection(SolutionProperties) = preSolution
		HideSolutionNode = FALSE
	EndGlobalSection
	GlobalSection(ExtensibilityGlobals) = postSolution
		SolutionGuid = {482AF66C-0872-45DB-B11D-451C503DE2EB}
	EndGlobalSection
EndGlobal
